
Microsoft Visual Studio Solution File, Format Version 12.00
# Visual Studio Version 16
VisualStudioVersion = 16.0.31911.196
MinimumVisualStudioVersion = 10.0.40219.1
Project("{9A19103F-16F7-4668-BE54-9A1E7A4F7556}") = "Authuntication", "Authuntication.csproj", "{1BFF8FDB-96F9-4150-818C-BCAF89F3D52F}"
EndProject
Global
	GlobalSection(SolutionConfigurationPlatforms) = preSolution
		Debug|Any CPU = Debug|Any CPU
		Release|Any CPU = Release|Any CPU
	EndGlobalSection
	GlobalSection(ProjectConfigurationPlatforms) = postSolution
		{1BFF8FDB-96F9-4150-818C-BCAF89F3D52F}.Debug|Any CPU.ActiveCfg = Debug|Any CPU
		{1BFF8FDB-96F9-4150-818C-BCAF89F3D52F}.Debug|Any CPU.Build.0 = Debug|Any CPU
		{1BFF8FDB-96F9-4150-818C-BCAF89F3D52F}.Release|Any CPU.ActiveCfg = Release|Any CPU
		{1BFF8FDB-96F9-4150-818C-BCAF89F3D52F}.Release|Any CPU.Build.0 = Release|Any CPU
	EndGlobalSection
	GlobalSection(SolutionProperties) = preSolution
		HideSolutionNode = FALSE
	EndGlobalSection
	GlobalSection(ExtensibilityGlobals) = postSolution
		SolutionGuid = {CEC870E2-7212-4710-B265-4142FF32A4F7}
	EndGlobalSection
EndGlobal
